{
  "name": "bindingsproduct-workspace",
  "version": "0.0.0",
  "lockfileVersion": 3,
  "requires": true,
  "packages": {
    "": {
      "name": "bindingsproduct-workspace",
      "version": "0.0.0",
      "dependencies": {
        "@babylonjs/core": "9.19.0",
        "@babylonjs/loaders": "9.19.0"
      },
      "devDependencies": {
        "typescript": "5.9.3"
      },
      "engines": {
        "node": "26.8.1",
        "npm": "12.0.1"
      }
    },
    "node_modules/@babylonjs/core": {
      "version": "9.19.0",
      "resolved": "https://registry.npmjs.org/@babylonjs/core/-/core-9.19.0.tgz",
      "integrity": "sha512-8bQfSnXnFVEUolPBl5Y3S1WDmQKpPKfguOQvGdCxjTIHlLku8Crc0DdvlFbmqeGpS/bQ3NzwtApB84GScm9v8w==",
      "license": "Apache-2.0"
    },
    "node_modules/@babylonjs/loaders": {
      "version": "9.19.0",
      "resolved": "https://registry.npmjs.org/@babylonjs/loaders/-/loaders-9.19.0.tgz",
      "integrity": "sha512-WMhlOl9HWDvNFmywQ/jl0dKkyT6lzCH0YUNZ2xkeD+j5TBFfPdkPGbn9Hd9UJnwqUZrz42Y6lRAZ5VZQNQa7kg==",
      "license": "Apache-2.0",
      "peerDependencies": {
        "@babylonjs/core": "^9.0.0",
        "babylonjs-gltf2interface": "^9.0.0"
      }
    },
    "node_modules/babylonjs-gltf2interface": {
      "version": "9.19.0",
      "resolved": "https://registry.npmjs.org/babylonjs-gltf2interface/-/babylonjs-gltf2interface-9.19.0.tgz",
      "integrity": "sha512-VyXEf5QKcE5XaHfUVUmzjqyUro89zZaDjBxRXtbUuc4suHNrBfqOHecfCRvD3PaHtdtN+ZF8A4g1n06Pi70Rlw==",
      "license": "Apache-2.0",
      "peer": true
    },
    "node_modules/typescript": {
      "version": "5.9.3",
      "resolved": "https://registry.npmjs.org/typescript/-/typescript-5.9.3.tgz",
      "integrity": "sha512-jl1vZzPDinLr9eUt3J/t7V6FgNEw9QjvBPdysz9KfQDD41fQrC2Y4vKQdiaUpFT4bXlb1RHhLpp8wtm6M5TgSw==",
      "dev": true,
      "license": "Apache-2.0",
      "bin": {
        "tsc": "bin/tsc",
        "tsserver": "bin/tsserver"
      },
      "engines": {
        "node": ">=14.17"
      }
    }
  }
}
