{
  "version": 1,
  "dependencies": {
    "net10.0": {
      "Expecto": {
        "type": "Direct",
        "requested": "[10.2.1, )",
        "resolved": "10.2.1",
        "contentHash": "nV9ACIccY2cv23KvtMfflQdMPhF7oTXf0dRMz1Jq6GuQjLnuf+zBj4IlBzmZEz9VeCrCOWxdnt/5VFCrGcn+pA==",
        "dependencies": {
          "FSharp.Core": "7.0.200",
          "Mono.Cecil": "[0.11.4, 1.0.0)"
        }
      },
      "FSharp.Core": {
        "type": "Direct",
        "requested": "[10.1.400, )",
        "resolved": "10.1.400",
        "contentHash": "H9wlZ/tWgNp+Q4WQ5aUSi3XOBXrL6z+UkR0PNeyDFyoZR3c3PbtA21B9FqlthrhEwQ6f5AtQV0JLhBBDqjjscw=="
      },
      "Mono.Cecil": {
        "type": "Transitive",
        "resolved": "0.11.4",
        "contentHash": "IC1h5g0NeJGHIUgzM1P82ld57knhP0IcQfrYITDPXlNpMYGUrsG5TxuaWTjaeqDNQMBDNZkB8L0rBnwsY6JHuQ=="
      },
      "consoleproduct": {
        "type": "Project",
        "dependencies": {
          "FSharp.Core": "[10.1.400, )"
        }
      }
    }
  }
}
