{
  "version": 1,
  "dependencies": {
    "net10.0": {
      "FS.GG.UI.Scene": {
        "type": "Direct",
        "requested": "[0.30.0, 0.30.0]",
        "resolved": "0.30.0",
        "contentHash": "Hv1XQvvhQKpWOzcHBJvSa8YEo4RGFpvRhUJ/evD3cELFcnpimyRw+Q93sbMaMHjzrD+CTH5ifT3akasKkxrCDw==",
        "dependencies": {
          "FSharp.Core": "10.1.302"
        }
      },
      "FSharp.Core": {
        "type": "Direct",
        "requested": "[10.1.401, 10.1.401]",
        "resolved": "10.1.401",
        "contentHash": "/lvOK51KD8IangBYkfDVna3/HrE/r4VUnX3dI01KDspctoYXmind3POeoYkqWKeXHwiKlf6Hc9TxwSnoSCWcjw=="
      }
    }
  }
}