{
  "version": 1,
  "dependencies": {
    "net10.0": {
      "FS.GG.UI.Scene": {
        "type": "Direct",
        "requested": "[0.31.0, 0.31.0]",
        "resolved": "0.31.0",
        "contentHash": "dVTWndymoCm70yhVNDEejsvHIAKeL122RnOmRKd8wgGFtyskMvruie2dUJgqkdK8e4pobULfgwyFrNJv32zNFA==",
        "dependencies": {
          "FSharp.Core": "10.1.302"
        }
      },
      "FSharp.Core": {
        "type": "Direct",
        "requested": "[10.1.401, 10.1.401]",
        "resolved": "10.1.401",
        "contentHash": "/lvOK51KD8IangBYkfDVna3/HrE/r4VUnX3dI01KDspctoYXmind3POeoYkqWKeXHwiKlf6Hc9TxwSnoSCWcjw=="
      }
    }
  }
}