{
  "version": 1,
  "dependencies": {
    "net10.0": {
      "FS.GG.UI.Scene": {
        "type": "Direct",
        "requested": "[0.32.1, 0.32.1]",
        "resolved": "0.32.1",
        "contentHash": "Y+8qSkG4D4HhI/LlnRTl3BtEG1LOVqSdqKJHudXPPquj7xZVUoeojvyq/PahJ49c2rdAC1RXDvvO3jvVuQLSrQ==",
        "dependencies": {
          "FSharp.Core": "10.1.401"
        }
      },
      "FSharp.Core": {
        "type": "Direct",
        "requested": "[10.1.401, 10.1.401]",
        "resolved": "10.1.401",
        "contentHash": "/lvOK51KD8IangBYkfDVna3/HrE/r4VUnX3dI01KDspctoYXmind3POeoYkqWKeXHwiKlf6Hc9TxwSnoSCWcjw=="
      }
    }
  }
}
