{
  "version": 1,
  "dependencies": {
    "net10.0": {
      "FS.GG.Game.Physics.Box2D": {
        "type": "Direct",
        "requested": "[0.17.0, 0.17.0]",
        "resolved": "0.17.0",
        "contentHash": "/xN8CKUudmg/b0vxVdQ96LYHxO6vMGkTgYGq8Ud8xlqJ79cMQJgNB/ImTWszOcxGrOW5B2qMsILhR4o7bZ0bsg==",
        "dependencies": {
          "Box2D.NET": "3.1.654",
          "FS.GG.Game.Core": "0.17.0",
          "FSharp.Core": "10.1.302"
        }
      },
      "FS.GG.Game.Render": {
        "type": "Direct",
        "requested": "[0.17.0, 0.17.0]",
        "resolved": "0.17.0",
        "contentHash": "aos4LAHFBQuTT2ZPFu/m9XzavqHo4NQKfzaAXbd3nV4w9H3oWG1nLjkdzZlWQs+omhH81RWTZuhshFoWyZgdbg==",
        "dependencies": {
          "FS.GG.Game.Core": "0.17.0",
          "FS.GG.UI.KeyboardInput": "0.31.0",
          "FS.GG.UI.Scene": "0.31.0",
          "FSharp.Core": "10.1.302"
        }
      },
      "FSharp.Core": {
        "type": "Direct",
        "requested": "[10.1.302, 10.1.302]",
        "resolved": "10.1.302",
        "contentHash": "bN7XMQrAQg1dyHScJ7FcsznERBkvm74LtIo1O6C5mUzgbDqSwNbDpb3+nBGaJAjDmtC/suK5Vx5pFysKY6Hm+Q=="
      },
      "Box2D.NET": {
        "type": "Transitive",
        "resolved": "3.1.654",
        "contentHash": "Sh43ZKml3BPnhGD9FzvHfBLcLR1LDUN1iMJnnX2dJJam15+DG2nLRezPlxjdXWfrskg0wEJpgdNVEkNnHx9wwA=="
      },
      "FS.GG.Game.Core": {
        "type": "Transitive",
        "resolved": "0.17.0",
        "contentHash": "5BFq+q4wug72rOFNAOlv+rxABLL6PfwcEkd/ZgAQoPhIxF5kK9As94RWwgVVq4cuz3tUKwzMWkT7o72hzjFI7Q==",
        "dependencies": {
          "FSharp.Core": "10.1.302"
        }
      },
      "FS.GG.UI.KeyboardInput": {
        "type": "Transitive",
        "resolved": "0.31.0",
        "contentHash": "SaxeJjtdPZDT9a8JTlmEEyQHfyvx8lxIPW7P39gh8GLYqRmP4WTMol4iEEcw4aetI9vFONy1EhDj+Ei4UTQgSg==",
        "dependencies": {
          "FS.GG.UI.Scene": "0.31.0",
          "FSharp.Core": "10.1.302"
        }
      },
      "FS.GG.UI.Scene": {
        "type": "Transitive",
        "resolved": "0.31.0",
        "contentHash": "dVTWndymoCm70yhVNDEejsvHIAKeL122RnOmRKd8wgGFtyskMvruie2dUJgqkdK8e4pobULfgwyFrNJv32zNFA==",
        "dependencies": {
          "FSharp.Core": "10.1.302"
        }
      }
    }
  }
}