{
  "version": 1,
  "dependencies": {
    "net10.0": {
      "Fable.Core": {
        "type": "Direct",
        "requested": "[5.2.0, 5.2.0]",
        "resolved": "5.2.0",
        "contentHash": "3+HVoyYMjPGeKJEhMzRti0coDS6AkLVOWXmGwSvqokeTuwdZLyiKMoNgQrE6ZeJ0cSy9qHBB4VBpw5RAfb6zmQ==",
        "dependencies": {
          "FSharp.Core": "4.7.2"
        }
      },
      "FSharp.Core": {
        "type": "Direct",
        "requested": "[10.1.302, )",
        "resolved": "10.1.302",
        "contentHash": "bN7XMQrAQg1dyHScJ7FcsznERBkvm74LtIo1O6C5mUzgbDqSwNbDpb3+nBGaJAjDmtC/suK5Vx5pFysKY6Hm+Q=="
      },
      "Thoth.Json": {
        "type": "Direct",
        "requested": "[10.5.1, 10.5.1]",
        "resolved": "10.5.1",
        "contentHash": "HMh+zRyOhz7ASGNLgcSQFsrZWv4mcMZfqIsya0aQ2ixFWZpav9RRvYR5C9tL33qmRDX4n+73Bpo6brSfUQ4nQA==",
        "dependencies": {
          "FSharp.Core": "10.1.203",
          "Fable.Core": "5.0.0"
        }
      }
    }
  }
}